
Microsoft Visual Studio Solution File, Format Version 12.00
# Visual Studio 15
VisualStudioVersion = 15.0.26403.3
MinimumVisualStudioVersion = 10.0.40219.1
Project("{D954291E-2A0B-460D-934E-DC6B0785DB48}") = "Try2", "Try2\Try2.shproj", "{5E432BD2-7264-44AD-9910-20C534A0CBF4}"
EndProject
Global
	GlobalSection(SharedMSBuildProjectFiles) = preSolution
		Try2\Try2.projitems*{5e432bd2-7264-44ad-9910-20c534a0cbf4}*SharedItemsImports = 13
	EndGlobalSection
	GlobalSection(SolutionProperties) = preSolution
		HideSolutionNode = FALSE
	EndGlobalSection
EndGlobal
